
Microsoft Visual Studio Solution File, Format Version 12.00
# Visual Studio 14
VisualStudioVersion = 14.0.25420.1
MinimumVisualStudioVersion = 10.0.40219.1
Project("{FAE04EC0-301F-11D3-BF4B-00C04F79EFBC}") = "Kafedra", "Kafedra\Kafedra.csproj", "{94FFA515-99B8-40AB-AA52-B917FBA0DCAB}"
EndProject
Global
	GlobalSection(SolutionConfigurationPlatforms) = preSolution
		Debug|Any CPU = Debug|Any CPU
		Release|Any CPU = Release|Any CPU
	EndGlobalSection
	GlobalSection(ProjectConfigurationPlatforms) = postSolution
		{94FFA515-99B8-40AB-AA52-B917FBA0DCAB}.Debug|Any CPU.ActiveCfg = Debug|Any CPU
		{94FFA515-99B8-40AB-AA52-B917FBA0DCAB}.Debug|Any CPU.Build.0 = Debug|Any CPU
		{94FFA515-99B8-40AB-AA52-B917FBA0DCAB}.Release|Any CPU.ActiveCfg = Release|Any CPU
		{94FFA515-99B8-40AB-AA52-B917FBA0DCAB}.Release|Any CPU.Build.0 = Release|Any CPU
	EndGlobalSection
	GlobalSection(SolutionProperties) = preSolution
		HideSolutionNode = FALSE
	EndGlobalSection
EndGlobal
